
Microsoft Visual Studio Solution File, Format Version 12.00
# Visual Studio Version 16
VisualStudioVersion = 16.6.30114.105
MinimumVisualStudioVersion = 10.0.40219.1
Project("{FAE04EC0-301F-11D3-BF4B-00C04F79EFBC}") = "Unsigned Framework", "uf.Engine\Unsigned Framework.csproj", "{ED3FAA67-76CC-4981-BD94-B5523D1DD462}"
EndProject
Project("{FAE04EC0-301F-11D3-BF4B-00C04F79EFBC}") = "Glide", "glide\Glide.csproj", "{73FFE593-1E5D-4710-A772-DFC654442336}"
EndProject
Global
	GlobalSection(SolutionConfigurationPlatforms) = preSolution
		Debug|Any CPU = Debug|Any CPU
		Debug|x64 = Debug|x64
		Debug|x86 = Debug|x86
		Release|Any CPU = Release|Any CPU
		Release|x64 = Release|x64
		Release|x86 = Release|x86
	EndGlobalSection
	GlobalSection(SolutionProperties) = preSolution
		HideSolutionNode = FALSE
	EndGlobalSection
	GlobalSection(ProjectConfigurationPlatforms) = postSolution
		{ED3FAA67-76CC-4981-BD94-B5523D1DD462}.Debug|Any CPU.ActiveCfg = Debug|Any CPU
		{ED3FAA67-76CC-4981-BD94-B5523D1DD462}.Debug|Any CPU.Build.0 = Debug|Any CPU
		{ED3FAA67-76CC-4981-BD94-B5523D1DD462}.Debug|x64.ActiveCfg = Debug|Any CPU
		{ED3FAA67-76CC-4981-BD94-B5523D1DD462}.Debug|x64.Build.0 = Debug|Any CPU
		{ED3FAA67-76CC-4981-BD94-B5523D1DD462}.Debug|x86.ActiveCfg = Debug|Any CPU
		{ED3FAA67-76CC-4981-BD94-B5523D1DD462}.Debug|x86.Build.0 = Debug|Any CPU
		{ED3FAA67-76CC-4981-BD94-B5523D1DD462}.Release|Any CPU.ActiveCfg = Release|Any CPU
		{ED3FAA67-76CC-4981-BD94-B5523D1DD462}.Release|Any CPU.Build.0 = Release|Any CPU
		{ED3FAA67-76CC-4981-BD94-B5523D1DD462}.Release|x64.ActiveCfg = Release|Any CPU
		{ED3FAA67-76CC-4981-BD94-B5523D1DD462}.Release|x64.Build.0 = Release|Any CPU
		{ED3FAA67-76CC-4981-BD94-B5523D1DD462}.Release|x86.ActiveCfg = Release|Any CPU
		{ED3FAA67-76CC-4981-BD94-B5523D1DD462}.Release|x86.Build.0 = Release|Any CPU
		{73FFE593-1E5D-4710-A772-DFC654442336}.Debug|Any CPU.ActiveCfg = Debug|Any CPU
		{73FFE593-1E5D-4710-A772-DFC654442336}.Debug|Any CPU.Build.0 = Debug|Any CPU
		{73FFE593-1E5D-4710-A772-DFC654442336}.Debug|x64.ActiveCfg = Debug|Any CPU
		{73FFE593-1E5D-4710-A772-DFC654442336}.Debug|x64.Build.0 = Debug|Any CPU
		{73FFE593-1E5D-4710-A772-DFC654442336}.Debug|x86.ActiveCfg = Debug|Any CPU
		{73FFE593-1E5D-4710-A772-DFC654442336}.Debug|x86.Build.0 = Debug|Any CPU
		{73FFE593-1E5D-4710-A772-DFC654442336}.Release|Any CPU.ActiveCfg = Release|Any CPU
		{73FFE593-1E5D-4710-A772-DFC654442336}.Release|Any CPU.Build.0 = Release|Any CPU
		{73FFE593-1E5D-4710-A772-DFC654442336}.Release|x64.ActiveCfg = Release|Any CPU
		{73FFE593-1E5D-4710-A772-DFC654442336}.Release|x64.Build.0 = Release|Any CPU
		{73FFE593-1E5D-4710-A772-DFC654442336}.Release|x86.ActiveCfg = Release|Any CPU
		{73FFE593-1E5D-4710-A772-DFC654442336}.Release|x86.Build.0 = Release|Any CPU
	EndGlobalSection
EndGlobal
